
Microsoft Visual Studio Solution File, Format Version 12.00
# Visual Studio Version 17
VisualStudioVersion = 17.2.32210.308
MinimumVisualStudioVersion = 10.0.40219.1
Project("{9A19103F-16F7-4668-BE54-9A1E7A4F7556}") = "Mercury.Snapshot", "Mercury.Snapshot.csproj", "{E3996D57-4554-4F02-9027-EF546DEFE83B}"
EndProject
Project("{9A19103F-16F7-4668-BE54-9A1E7A4F7556}") = "Mercury.Unification", "..\Mercury.Unification\Mercury.Unification.csproj", "{F56CBBA1-C2EA-4BA8-8A65-EB73E3625476}"
EndProject
Global
	GlobalSection(SolutionConfigurationPlatforms) = preSolution
		Debug|Any CPU = Debug|Any CPU
		Release|Any CPU = Release|Any CPU
	EndGlobalSection
	GlobalSection(ProjectConfigurationPlatforms) = postSolution
		{E3996D57-4554-4F02-9027-EF546DEFE83B}.Debug|Any CPU.ActiveCfg = Debug|Any CPU
		{E3996D57-4554-4F02-9027-EF546DEFE83B}.Debug|Any CPU.Build.0 = Debug|Any CPU
		{E3996D57-4554-4F02-9027-EF546DEFE83B}.Release|Any CPU.ActiveCfg = Release|Any CPU
		{E3996D57-4554-4F02-9027-EF546DEFE83B}.Release|Any CPU.Build.0 = Release|Any CPU
		{F56CBBA1-C2EA-4BA8-8A65-EB73E3625476}.Debug|Any CPU.ActiveCfg = Debug|Any CPU
		{F56CBBA1-C2EA-4BA8-8A65-EB73E3625476}.Debug|Any CPU.Build.0 = Debug|Any CPU
		{F56CBBA1-C2EA-4BA8-8A65-EB73E3625476}.Release|Any CPU.ActiveCfg = Release|Any CPU
		{F56CBBA1-C2EA-4BA8-8A65-EB73E3625476}.Release|Any CPU.Build.0 = Release|Any CPU
	EndGlobalSection
	GlobalSection(SolutionProperties) = preSolution
		HideSolutionNode = FALSE
	EndGlobalSection
	GlobalSection(ExtensibilityGlobals) = postSolution
		SolutionGuid = {DB6500B8-454A-4E15-BC1C-0F7935D7A06D}
	EndGlobalSection
EndGlobal
